
Microsoft Visual Studio Solution File, Format Version 12.00
# Visual Studio Version 17
VisualStudioVersion = 17.5.33530.505
MinimumVisualStudioVersion = 10.0.40219.1
Project("{8BC9CEB8-8B4A-11D0-8D11-00A0C91BC942}") = "1. Bookshop Management System", "1. Bookshop Management System\1. Bookshop Management System.vcxproj", "{7650D7F5-87F3-458B-AAA7-1E72AC2039CF}"
EndProject
Global
	GlobalSection(SolutionConfigurationPlatforms) = preSolution
		Debug|x64 = Debug|x64
		Debug|x86 = Debug|x86
		Release|x64 = Release|x64
		Release|x86 = Release|x86
	EndGlobalSection
	GlobalSection(ProjectConfigurationPlatforms) = postSolution
		{7650D7F5-87F3-458B-AAA7-1E72AC2039CF}.Debug|x64.ActiveCfg = Debug|x64
		{7650D7F5-87F3-458B-AAA7-1E72AC2039CF}.Debug|x64.Build.0 = Debug|x64
		{7650D7F5-87F3-458B-AAA7-1E72AC2039CF}.Debug|x86.ActiveCfg = Debug|Win32
		{7650D7F5-87F3-458B-AAA7-1E72AC2039CF}.Debug|x86.Build.0 = Debug|Win32
		{7650D7F5-87F3-458B-AAA7-1E72AC2039CF}.Release|x64.ActiveCfg = Release|x64
		{7650D7F5-87F3-458B-AAA7-1E72AC2039CF}.Release|x64.Build.0 = Release|x64
		{7650D7F5-87F3-458B-AAA7-1E72AC2039CF}.Release|x86.ActiveCfg = Release|Win32
		{7650D7F5-87F3-458B-AAA7-1E72AC2039CF}.Release|x86.Build.0 = Release|Win32
	EndGlobalSection
	GlobalSection(SolutionProperties) = preSolution
		HideSolutionNode = FALSE
	EndGlobalSection
	GlobalSection(ExtensibilityGlobals) = postSolution
		SolutionGuid = {B6FDC285-8C89-42F5-8826-8A697FF2F0E3}
	EndGlobalSection
EndGlobal
